
Microsoft Visual Studio Solution File, Format Version 12.00
# Visual Studio 15
VisualStudioVersion = 15.0.28307.271
MinimumVisualStudioVersion = 10.0.40219.1
Project("{9A19103F-16F7-4668-BE54-9A1E7A4F7556}") = "CBX.Domain", "CBX.Domain\CBX.Domain.csproj", "{44693D33-8D60-4903-B061-271BD7A7DE6C}"
EndProject
Project("{9A19103F-16F7-4668-BE54-9A1E7A4F7556}") = "CBX.Data", "CBX.Data\CBX.Data.csproj", "{86713364-DADC-41B2-8AAC-AD13DADC39CC}"
EndProject
Project("{9A19103F-16F7-4668-BE54-9A1E7A4F7556}") = "CBX.Api", "CBX.Api\CBX.Api.csproj", "{A0D2C108-2EE5-4CB9-8CA1-D38E5185A4A4}"
EndProject
Project("{2150E333-8FDC-42A3-9474-1A3956D46DE8}") = "Solution Items", "Solution Items", "{9037943A-3CA2-4225-AAF0-59F2A64E2D31}"
	ProjectSection(SolutionItems) = preProject
		Readme.md = Readme.md
	EndProjectSection
EndProject
Global
	GlobalSection(SolutionConfigurationPlatforms) = preSolution
		Debug|Any CPU = Debug|Any CPU
		Release|Any CPU = Release|Any CPU
	EndGlobalSection
	GlobalSection(ProjectConfigurationPlatforms) = postSolution
		{44693D33-8D60-4903-B061-271BD7A7DE6C}.Debug|Any CPU.ActiveCfg = Debug|Any CPU
		{44693D33-8D60-4903-B061-271BD7A7DE6C}.Debug|Any CPU.Build.0 = Debug|Any CPU
		{44693D33-8D60-4903-B061-271BD7A7DE6C}.Release|Any CPU.ActiveCfg = Release|Any CPU
		{44693D33-8D60-4903-B061-271BD7A7DE6C}.Release|Any CPU.Build.0 = Release|Any CPU
		{86713364-DADC-41B2-8AAC-AD13DADC39CC}.Debug|Any CPU.ActiveCfg = Debug|Any CPU
		{86713364-DADC-41B2-8AAC-AD13DADC39CC}.Debug|Any CPU.Build.0 = Debug|Any CPU
		{86713364-DADC-41B2-8AAC-AD13DADC39CC}.Release|Any CPU.ActiveCfg = Release|Any CPU
		{86713364-DADC-41B2-8AAC-AD13DADC39CC}.Release|Any CPU.Build.0 = Release|Any CPU
		{A0D2C108-2EE5-4CB9-8CA1-D38E5185A4A4}.Debug|Any CPU.ActiveCfg = Debug|Any CPU
		{A0D2C108-2EE5-4CB9-8CA1-D38E5185A4A4}.Debug|Any CPU.Build.0 = Debug|Any CPU
		{A0D2C108-2EE5-4CB9-8CA1-D38E5185A4A4}.Release|Any CPU.ActiveCfg = Release|Any CPU
		{A0D2C108-2EE5-4CB9-8CA1-D38E5185A4A4}.Release|Any CPU.Build.0 = Release|Any CPU
	EndGlobalSection
	GlobalSection(SolutionProperties) = preSolution
		HideSolutionNode = FALSE
	EndGlobalSection
	GlobalSection(ExtensibilityGlobals) = postSolution
		SolutionGuid = {DF640175-A33A-478F-A258-0DD96DA72911}
	EndGlobalSection
EndGlobal
